# THIS IS AN AUTOGENERATED FILE. DO NOT EDIT THIS FILE DIRECTLY.
# yarn lockfile v1


"@types/gl-matrix@^2.4.5":
  version "2.4.5"
  resolved "https://registry.yarnpkg.com/@types/gl-matrix/-/gl-matrix-2.4.5.tgz#80630d88fb74ff8897a2a2855a8a700e6ee19d3e"
  integrity sha512-0L8Mq1+oaIW0oVzGUDbSW+HnTjCNb4CmoIQE5BkoHt/A7x20z0MJ1PnwfH3atty/vbWLGgvJwVu2Mz3SKFiEFw==

gl-matrix@^3.0.0:
  version "3.0.0"
  resolved "https://registry.yarnpkg.com/gl-matrix/-/gl-matrix-3.0.0.tgz#888301ac7650e148c3865370e13ec66d08a8381f"
  integrity sha512-PD4mVH/C/Zs64kOozeFnKY8ybhgwxXXQYGWdB4h68krAHknWJgk9uKOn6z8YElh5//vs++90pb6csrTIDWnexA==

typescript@^3.5.3:
  version "3.5.3"
  resolved "https://registry.yarnpkg.com/typescript/-/typescript-3.5.3.tgz#c830f657f93f1ea846819e929092f5fe5983e977"
  integrity sha512-ACzBtm/PhXBDId6a6sDJfroT2pOWt/oOnk4/dElG5G33ZL776N3Y6/6bKZJBFpd+b05F3Ct9qDjMeJmRWtE2/g==
